// !$*UTF8*$!
{
	archiveVersion = 1;
	classes = {
	};
	objectVersion = 46;
	objects = {

/* Begin PBXBuildFile section */
		4302811B1F8D7ECC00B8576B /* ConversationViewController.swift in Sources */ = {isa = PBXBuildFile; fileRef = 4302811A1F8D7ECC00B8576B /* ConversationViewController.swift */; };
		4302811D1F8D865B00B8576B /* ConversationCell.swift in Sources */ = {isa = PBXBuildFile; fileRef = 4302811C1F8D865B00B8576B /* ConversationCell.swift */; };
		431F265C1F89BF4D003FB7EB /* ConversationsListViewController.swift in Sources */ = {isa = PBXBuildFile; fileRef = 431F265B1F89BF4D003FB7EB /* ConversationsListViewController.swift */; };
		4331DD5A1F777BC100647C8E /* AppDelegate.swift in Sources */ = {isa = PBXBuildFile; fileRef = 4331DD591F777BC100647C8E /* AppDelegate.swift */; };
		4331DD611F777BC100647C8E /* Assets.xcassets in Resources */ = {isa = PBXBuildFile; fileRef = 4331DD601F777BC100647C8E /* Assets.xcassets */; };
		4331DD641F777BC100647C8E /* LaunchScreen.storyboard in Resources */ = {isa = PBXBuildFile; fileRef = 4331DD621F777BC100647C8E /* LaunchScreen.storyboard */; };
		4331DD6C1F777CDD00647C8E /* Media.xcassets in Resources */ = {isa = PBXBuildFile; fileRef = 4331DD6B1F777CDD00647C8E /* Media.xcassets */; };
		43CF48A61F8AFC7B00192FCC /* ConversationListCell.swift in Sources */ = {isa = PBXBuildFile; fileRef = 43CF48A51F8AFC7B00192FCC /* ConversationListCell.swift */; };
		43CF48AA1F8B17C200192FCC /* CellContent.swift in Sources */ = {isa = PBXBuildFile; fileRef = 43CF48A91F8B17C200192FCC /* CellContent.swift */; };
		43D0CC9A1F7C08690090D269 /* Profile.storyboard in Resources */ = {isa = PBXBuildFile; fileRef = 43D0CC991F7C08690090D269 /* Profile.storyboard */; };
		43D0CC9C1F7C11330090D269 /* ProfileViewController.swift in Sources */ = {isa = PBXBuildFile; fileRef = 43D0CC9B1F7C11330090D269 /* ProfileViewController.swift */; };
/* End PBXBuildFile section */

/* Begin PBXFileReference section */
		4302811A1F8D7ECC00B8576B /* ConversationViewController.swift */ = {isa = PBXFileReference; lastKnownFileType = sourcecode.swift; path = ConversationViewController.swift; sourceTree = "<group>"; };
		4302811C1F8D865B00B8576B /* ConversationCell.swift */ = {isa = PBXFileReference; lastKnownFileType = sourcecode.swift; path = ConversationCell.swift; sourceTree = "<group>"; };
		431F265B1F89BF4D003FB7EB /* ConversationsListViewController.swift */ = {isa = PBXFileReference; lastKnownFileType = sourcecode.swift; path = ConversationsListViewController.swift; sourceTree = "<group>"; };
		4331DD561F777BC100647C8E /* tinchat.app */ = {isa = PBXFileReference; explicitFileType = wrapper.application; includeInIndex = 0; path = tinchat.app; sourceTree = BUILT_PRODUCTS_DIR; };
		4331DD591F777BC100647C8E /* AppDelegate.swift */ = {isa = PBXFileReference; lastKnownFileType = sourcecode.swift; path = AppDelegate.swift; sourceTree = "<group>"; };
		4331DD601F777BC100647C8E /* Assets.xcassets */ = {isa = PBXFileReference; lastKnownFileType = folder.assetcatalog; path = Assets.xcassets; sourceTree = "<group>"; };
		4331DD631F777BC100647C8E /* Base */ = {isa = PBXFileReference; lastKnownFileType = file.storyboard; name = Base; path = Base.lproj/LaunchScreen.storyboard; sourceTree = "<group>"; };
		4331DD651F777BC100647C8E /* Info.plist */ = {isa = PBXFileReference; lastKnownFileType = text.plist.xml; path = Info.plist; sourceTree = "<group>"; };
		4331DD6B1F777CDD00647C8E /* Media.xcassets */ = {isa = PBXFileReference; lastKnownFileType = folder.assetcatalog; path = Media.xcassets; sourceTree = "<group>"; };
		43CF48A51F8AFC7B00192FCC /* ConversationListCell.swift */ = {isa = PBXFileReference; lastKnownFileType = sourcecode.swift; path = ConversationListCell.swift; sourceTree = "<group>"; };
		43CF48A91F8B17C200192FCC /* CellContent.swift */ = {isa = PBXFileReference; lastKnownFileType = sourcecode.swift; path = CellContent.swift; sourceTree = "<group>"; };
		43D0CC991F7C08690090D269 /* Profile.storyboard */ = {isa = PBXFileReference; lastKnownFileType = file.storyboard; path = Profile.storyboard; sourceTree = "<group>"; };
		43D0CC9B1F7C11330090D269 /* ProfileViewController.swift */ = {isa = PBXFileReference; lastKnownFileType = sourcecode.swift; path = ProfileViewController.swift; sourceTree = "<group>"; };
/* End PBXFileReference section */

/* Begin PBXFrameworksBuildPhase section */
		4331DD531F777BC100647C8E /* Frameworks */ = {
			isa = PBXFrameworksBuildPhase;
			buildActionMask = 2147483647;
			files = (
			);
			runOnlyForDeploymentPostprocessing = 0;
		};
/* End PBXFrameworksBuildPhase section */

/* Begin PBXGroup section */
		4331DD4D1F777BC100647C8E = {
			isa = PBXGroup;
			children = (
				4331DD581F777BC100647C8E /* tinchat */,
				4331DD571F777BC100647C8E /* Products */,
			);
			sourceTree = "<group>";
		};
		4331DD571F777BC100647C8E /* Products */ = {
			isa = PBXGroup;
			children = (
				4331DD561F777BC100647C8E /* tinchat.app */,
			);
			name = Products;
			sourceTree = "<group>";
		};
		4331DD581F777BC100647C8E /* tinchat */ = {
			isa = PBXGroup;
			children = (
				4331DD591F777BC100647C8E /* AppDelegate.swift */,
				4331DD601F777BC100647C8E /* Assets.xcassets */,
				4331DD621F777BC100647C8E /* LaunchScreen.storyboard */,
				4331DD6B1F777CDD00647C8E /* Media.xcassets */,
				43D0CC991F7C08690090D269 /* Profile.storyboard */,
				4302811C1F8D865B00B8576B /* ConversationCell.swift */,
				4302811A1F8D7ECC00B8576B /* ConversationViewController.swift */,
				43CF48A91F8B17C200192FCC /* CellContent.swift */,
				43CF48A51F8AFC7B00192FCC /* ConversationListCell.swift */,
				431F265B1F89BF4D003FB7EB /* ConversationsListViewController.swift */,
				43D0CC9B1F7C11330090D269 /* ProfileViewController.swift */,
				4331DD651F777BC100647C8E /* Info.plist */,
			);
			path = tinchat;
			sourceTree = "<group>";
		};
/* End PBXGroup section */

/* Begin PBXNativeTarget section */
		4331DD551F777BC100647C8E /* tinchat */ = {
			isa = PBXNativeTarget;
			buildConfigurationList = 4331DD681F777BC100647C8E /* Build configuration list for PBXNativeTarget "tinchat" */;
			buildPhases = (
				4331DD521F777BC100647C8E /* Sources */,
				4331DD531F777BC100647C8E /* Frameworks */,
				4331DD541F777BC100647C8E /* Resources */,
			);
			buildRules = (
			);
			dependencies = (
			);
			name = tinchat;
			productName = tinchat;
			productReference = 4331DD561F777BC100647C8E /* tinchat.app */;
			productType = "com.apple.product-type.application";
		};
/* End PBXNativeTarget section */

/* Begin PBXProject section */
		4331DD4E1F777BC100647C8E /* Project object */ = {
			isa = PBXProject;
			attributes = {
				LastSwiftUpdateCheck = 0830;
				LastUpgradeCheck = 0900;
				ORGANIZATIONNAME = nate_taylor;
				TargetAttributes = {
					4331DD551F777BC100647C8E = {
						CreatedOnToolsVersion = 8.3.2;
						LastSwiftMigration = 0900;
						ProvisioningStyle = Automatic;
					};
				};
			};
			buildConfigurationList = 4331DD511F777BC100647C8E /* Build configuration list for PBXProject "tinchat" */;
			compatibilityVersion = "Xcode 3.2";
			developmentRegion = English;
			hasScannedForEncodings = 0;
			knownRegions = (
				en,
				Base,
			);
			mainGroup = 4331DD4D1F777BC100647C8E;
			productRefGroup = 4331DD571F777BC100647C8E /* Products */;
			projectDirPath = "";
			projectRoot = "";
			targets = (
				4331DD551F777BC100647C8E /* tinchat */,
			);
		};
/* End PBXProject section */

/* Begin PBXResourcesBuildPhase section */
		4331DD541F777BC100647C8E /* Resources */ = {
			isa = PBXResourcesBuildPhase;
			buildActionMask = 2147483647;
			files = (
				4331DD641F777BC100647C8E /* LaunchScreen.storyboard in Resources */,
				4331DD611F777BC100647C8E /* Assets.xcassets in Resources */,
				4331DD6C1F777CDD00647C8E /* Media.xcassets in Resources */,
				43D0CC9A1F7C08690090D269 /* Profile.storyboard in Resources */,
			);
			runOnlyForDeploymentPostprocessing = 0;
		};
/* End PBXResourcesBuildPhase section */

/* Begin PBXSourcesBuildPhase section */
		4331DD521F777BC100647C8E /* Sources */ = {
			isa = PBXSourcesBuildPhase;
			buildActionMask = 2147483647;
			files = (
				43CF48A61F8AFC7B00192FCC /* ConversationListCell.swift in Sources */,
				43D0CC9C1F7C11330090D269 /* ProfileViewController.swift in Sources */,
				4302811B1F8D7ECC00B8576B /* ConversationViewController.swift in Sources */,
				4331DD5A1F777BC100647C8E /* AppDelegate.swift in Sources */,
				431F265C1F89BF4D003FB7EB /* ConversationsListViewController.swift in Sources */,
				43CF48AA1F8B17C200192FCC /* CellContent.swift in Sources */,
				4302811D1F8D865B00B8576B /* ConversationCell.swift in Sources */,
			);
			runOnlyForDeploymentPostprocessing = 0;
		};
/* End PBXSourcesBuildPhase section */

/* Begin PBXVariantGroup section */
		4331DD621F777BC100647C8E /* LaunchScreen.storyboard */ = {
			isa = PBXVariantGroup;
			children = (
				4331DD631F777BC100647C8E /* Base */,
			);
			name = LaunchScreen.storyboard;
			sourceTree = "<group>";
		};
/* End PBXVariantGroup section */

/* Begin XCBuildConfiguration section */
		4331DD661F777BC100647C8E /* Debug */ = {
			isa = XCBuildConfiguration;
			buildSettings = {
				ALWAYS_SEARCH_USER_PATHS = NO;
				CLANG_ANALYZER_NONNULL = YES;
				CLANG_ANALYZER_NUMBER_OBJECT_CONVERSION = YES_AGGRESSIVE;
				CLANG_CXX_LANGUAGE_STANDARD = "gnu++0x";
				CLANG_CXX_LIBRARY = "libc++";
				CLANG_ENABLE_MODULES = YES;
				CLANG_ENABLE_OBJC_ARC = YES;
				CLANG_WARN_BLOCK_CAPTURE_AUTORELEASING = YES;
				CLANG_WARN_BOOL_CONVERSION = YES;
				CLANG_WARN_COMMA = YES;
				CLANG_WARN_CONSTANT_CONVERSION = YES;
				CLANG_WARN_DIRECT_OBJC_ISA_USAGE = YES_ERROR;
				CLANG_WARN_DOCUMENTATION_COMMENTS = YES;
				CLANG_WARN_EMPTY_BODY = YES;
				CLANG_WARN_ENUM_CONVERSION = YES;
				CLANG_WARN_INFINITE_RECURSION = YES;
				CLANG_WARN_INT_CONVERSION = YES;
				CLANG_WARN_NON_LITERAL_NULL_CONVERSION = YES;
				CLANG_WARN_OBJC_LITERAL_CONVERSION = YES;
				CLANG_WARN_OBJC_ROOT_CLASS = YES_ERROR;
				CLANG_WARN_RANGE_LOOP_ANALYSIS = YES;
				CLANG_WARN_STRICT_PROTOTYPES = YES;
				CLANG_WARN_SUSPICIOUS_MOVE = YES;
				CLANG_WARN_UNREACHABLE_CODE = YES;
				CLANG_WARN__DUPLICATE_METHOD_MATCH = YES;
				"CODE_SIGN_IDENTITY[sdk=iphoneos*]" = "iPhone Developer";
				COPY_PHASE_STRIP = NO;
				DEBUG_INFORMATION_FORMAT = dwarf;
				ENABLE_STRICT_OBJC_MSGSEND = YES;
				ENABLE_TESTABILITY = YES;
				GCC_C_LANGUAGE_STANDARD = gnu99;
				GCC_DYNAMIC_NO_PIC = NO;
				GCC_NO_COMMON_BLOCKS = YES;
				GCC_OPTIMIZATION_LEVEL = 0;
				GCC_PREPROCESSOR_DEFINITIONS = (
					"DEBUG=1",
					"$(inherited)",
				);
				GCC_WARN_64_TO_32_BIT_CONVERSION = YES;
				GCC_WARN_ABOUT_RETURN_TYPE = YES_ERROR;
				GCC_WARN_UNDECLARED_SELECTOR = YES;
				GCC_WARN_UNINITIALIZED_AUTOS = YES_AGGRESSIVE;
				GCC_WARN_UNUSED_FUNCTION = YES;
				GCC_WARN_UNUSED_VARIABLE = YES;
				IPHONEOS_DEPLOYMENT_TARGET = 10.3;
				MTL_ENABLE_DEBUG_INFO = YES;
				ONLY_ACTIVE_ARCH = YES;
				SDKROOT = iphoneos;
				SWIFT_ACTIVE_COMPILATION_CONDITIONS = DEBUG;
				SWIFT_OPTIMIZATION_LEVEL = "-Onone";
				SWIFT_SWIFT3_OBJC_INFERENCE = Default;
				SWIFT_VERSION = 3.0;
			};
			name = Debug;
		};
		4331DD671F777BC100647C8E /* Release */ = {
			isa = XCBuildConfiguration;
			buildSettings = {
				ALWAYS_SEARCH_USER_PATHS = NO;
				CLANG_ANALYZER_NONNULL = YES;
				CLANG_ANALYZER_NUMBER_OBJECT_CONVERSION = YES_AGGRESSIVE;
				CLANG_CXX_LANGUAGE_STANDARD = "gnu++0x";
				CLANG_CXX_LIBRARY = "libc++";
				CLANG_ENABLE_MODULES = YES;
				CLANG_ENABLE_OBJC_ARC = YES;
				CLANG_WARN_BLOCK_CAPTURE_AUTORELEASING = YES;
				CLANG_WARN_BOOL_CONVERSION = YES;
				CLANG_WARN_COMMA = YES;
				CLANG_WARN_CONSTANT_CONVERSION = YES;
				CLANG_WARN_DIRECT_OBJC_ISA_USAGE = YES_ERROR;
				CLANG_WARN_DOCUMENTATION_COMMENTS = YES;
				CLANG_WARN_EMPTY_BODY = YES;
				CLANG_WARN_ENUM_CONVERSION = YES;
				CLANG_WARN_INFINITE_RECURSION = YES;
				CLANG_WARN_INT_CONVERSION = YES;
				CLANG_WARN_NON_LITERAL_NULL_CONVERSION = YES;
				CLANG_WARN_OBJC_LITERAL_CONVERSION = YES;
				CLANG_WARN_OBJC_ROOT_CLASS = YES_ERROR;
				CLANG_WARN_RANGE_LOOP_ANALYSIS = YES;
				CLANG_WARN_STRICT_PROTOTYPES = YES;
				CLANG_WARN_SUSPICIOUS_MOVE = YES;
				CLANG_WARN_UNREACHABLE_CODE = YES;
				CLANG_WARN__DUPLICATE_METHOD_MATCH = YES;
				"CODE_SIGN_IDENTITY[sdk=iphoneos*]" = "iPhone Developer";
				COPY_PHASE_STRIP = NO;
				DEBUG_INFORMATION_FORMAT = "dwarf-with-dsym";
				ENABLE_NS_ASSERTIONS = NO;
				ENABLE_STRICT_OBJC_MSGSEND = YES;
				GCC_C_LANGUAGE_STANDARD = gnu99;
				GCC_NO_COMMON_BLOCKS = YES;
				GCC_WARN_64_TO_32_BIT_CONVERSION = YES;
				GCC_WARN_ABOUT_RETURN_TYPE = YES_ERROR;
				GCC_WARN_UNDECLARED_SELECTOR = YES;
				GCC_WARN_UNINITIALIZED_AUTOS = YES_AGGRESSIVE;
				GCC_WARN_UNUSED_FUNCTION = YES;
				GCC_WARN_UNUSED_VARIABLE = YES;
				IPHONEOS_DEPLOYMENT_TARGET = 10.3;
				MTL_ENABLE_DEBUG_INFO = NO;
				SDKROOT = iphoneos;
				SWIFT_OPTIMIZATION_LEVEL = "-Owholemodule";
				SWIFT_SWIFT3_OBJC_INFERENCE = Default;
				SWIFT_VERSION = 3.0;
				VALIDATE_PRODUCT = YES;
			};
			name = Release;
		};
		4331DD691F777BC100647C8E /* Debug */ = {
			isa = XCBuildConfiguration;
			buildSettings = {
				ASSETCATALOG_COMPILER_APPICON_NAME = AppIcon;
				INFOPLIST_FILE = tinchat/Info.plist;
				LD_RUNPATH_SEARCH_PATHS = "$(inherited) @executable_path/Frameworks";
				PRODUCT_BUNDLE_IDENTIFIER = "nt-products.tinchat";
				PRODUCT_NAME = "$(TARGET_NAME)";
				SWIFT_SWIFT3_OBJC_INFERENCE = On;
				SWIFT_VERSION = 4.0;
			};
			name = Debug;
		};
		4331DD6A1F777BC100647C8E /* Release */ = {
			isa = XCBuildConfiguration;
			buildSettings = {
				ASSETCATALOG_COMPILER_APPICON_NAME = AppIcon;
				INFOPLIST_FILE = tinchat/Info.plist;
				LD_RUNPATH_SEARCH_PATHS = "$(inherited) @executable_path/Frameworks";
				PRODUCT_BUNDLE_IDENTIFIER = "nt-products.tinchat";
				PRODUCT_NAME = "$(TARGET_NAME)";
				SWIFT_SWIFT3_OBJC_INFERENCE = On;
				SWIFT_VERSION = 4.0;
			};
			name = Release;
		};
/* End XCBuildConfiguration section */

/* Begin XCConfigurationList section */
		4331DD511F777BC100647C8E /* Build configuration list for PBXProject "tinchat" */ = {
			isa = XCConfigurationList;
			buildConfigurations = (
				4331DD661F777BC100647C8E /* Debug */,
				4331DD671F777BC100647C8E /* Release */,
			);
			defaultConfigurationIsVisible = 0;
			defaultConfigurationName = Release;
		};
		4331DD681F777BC100647C8E /* Build configuration list for PBXNativeTarget "tinchat" */ = {
			isa = XCConfigurationList;
			buildConfigurations = (
				4331DD691F777BC100647C8E /* Debug */,
				4331DD6A1F777BC100647C8E /* Release */,
			);
			defaultConfigurationIsVisible = 0;
			defaultConfigurationName = Release;
		};
/* End XCConfigurationList section */
	};
	rootObject = 4331DD4E1F777BC100647C8E /* Project object */;
}
